
Microsoft Visual Studio Solution File, Format Version 12.00
# Visual Studio 15
VisualStudioVersion = 15.0.27703.2026
MinimumVisualStudioVersion = 10.0.40219.1
Project("{2150E333-8FDC-42A3-9474-1A3956D46DE8}") = "src", "src", "{E55DCD05-65E3-46BF-B8A9-8BE71F4549D8}"
EndProject
Project("{2150E333-8FDC-42A3-9474-1A3956D46DE8}") = "performance", "performance", "{40C08689-2D0F-468A-A6DF-7C891AEDB04B}"
EndProject
Project("{9A19103F-16F7-4668-BE54-9A1E7A4F7556}") = "PropertyAccessorByILGenerator", "src\performance\PropertyAccessorByILGenerator\PropertyAccessorByILGenerator.csproj", "{AC04730E-8598-4A4B-8CFB-CC1F93D988D2}"
EndProject
Global
	GlobalSection(SolutionConfigurationPlatforms) = preSolution
		Debug|Any CPU = Debug|Any CPU
		Release|Any CPU = Release|Any CPU
	EndGlobalSection
	GlobalSection(ProjectConfigurationPlatforms) = postSolution
		{AC04730E-8598-4A4B-8CFB-CC1F93D988D2}.Debug|Any CPU.ActiveCfg = Debug|Any CPU
		{AC04730E-8598-4A4B-8CFB-CC1F93D988D2}.Debug|Any CPU.Build.0 = Debug|Any CPU
		{AC04730E-8598-4A4B-8CFB-CC1F93D988D2}.Release|Any CPU.ActiveCfg = Release|Any CPU
		{AC04730E-8598-4A4B-8CFB-CC1F93D988D2}.Release|Any CPU.Build.0 = Release|Any CPU
	EndGlobalSection
	GlobalSection(SolutionProperties) = preSolution
		HideSolutionNode = FALSE
	EndGlobalSection
	GlobalSection(NestedProjects) = preSolution
		{40C08689-2D0F-468A-A6DF-7C891AEDB04B} = {E55DCD05-65E3-46BF-B8A9-8BE71F4549D8}
		{AC04730E-8598-4A4B-8CFB-CC1F93D988D2} = {40C08689-2D0F-468A-A6DF-7C891AEDB04B}
	EndGlobalSection
	GlobalSection(ExtensibilityGlobals) = postSolution
		SolutionGuid = {96BA8643-731B-4CA7-BDB0-C43CF448E95A}
	EndGlobalSection
EndGlobal
